
Microsoft Visual Studio Solution File, Format Version 12.00
# Visual Studio Version 16
VisualStudioVersion = 16.0.35026.282
MinimumVisualStudioVersion = 10.0.40219.1
Project("{FAE04EC0-301F-11D3-BF4B-00C04F79EFBC}") = "STFSIDChanger", "STFSIDChanger\STFSIDChanger.csproj", "{F415CD74-F9D6-4FD2-88A7-61F6830C01A8}"
EndProject
Global
	GlobalSection(SolutionConfigurationPlatforms) = preSolution
		Debug|Any CPU = Debug|Any CPU
		Release|Any CPU = Release|Any CPU
	EndGlobalSection
	GlobalSection(ProjectConfigurationPlatforms) = postSolution
		{F415CD74-F9D6-4FD2-88A7-61F6830C01A8}.Debug|Any CPU.ActiveCfg = Debug|Any CPU
		{F415CD74-F9D6-4FD2-88A7-61F6830C01A8}.Debug|Any CPU.Build.0 = Debug|Any CPU
		{F415CD74-F9D6-4FD2-88A7-61F6830C01A8}.Release|Any CPU.ActiveCfg = Release|Any CPU
		{F415CD74-F9D6-4FD2-88A7-61F6830C01A8}.Release|Any CPU.Build.0 = Release|Any CPU
	EndGlobalSection
	GlobalSection(SolutionProperties) = preSolution
		HideSolutionNode = FALSE
	EndGlobalSection
	GlobalSection(ExtensibilityGlobals) = postSolution
		SolutionGuid = {107A780C-E671-4087-A24F-ECEC7EFA3274}
	EndGlobalSection
EndGlobal
